
Microsoft Visual Studio Solution File, Format Version 12.00
# Visual Studio 15
VisualStudioVersion = 15.0.27428.2005
MinimumVisualStudioVersion = 10.0.40219.1
Project("{8BC9CEB8-8B4A-11D0-8D11-00A0C91BC942}") = "Project4", "Project4\Project4.vcxproj", "{8A36BD46-7E32-4346-BF1F-F9DB88EFEC94}"
EndProject
Global
	GlobalSection(SolutionConfigurationPlatforms) = preSolution
		Debug|x64 = Debug|x64
		Debug|x86 = Debug|x86
		Release|x64 = Release|x64
		Release|x86 = Release|x86
	EndGlobalSection
	GlobalSection(ProjectConfigurationPlatforms) = postSolution
		{8A36BD46-7E32-4346-BF1F-F9DB88EFEC94}.Debug|x64.ActiveCfg = Debug|x64
		{8A36BD46-7E32-4346-BF1F-F9DB88EFEC94}.Debug|x64.Build.0 = Debug|x64
		{8A36BD46-7E32-4346-BF1F-F9DB88EFEC94}.Debug|x86.ActiveCfg = Debug|Win32
		{8A36BD46-7E32-4346-BF1F-F9DB88EFEC94}.Debug|x86.Build.0 = Debug|Win32
		{8A36BD46-7E32-4346-BF1F-F9DB88EFEC94}.Release|x64.ActiveCfg = Release|x64
		{8A36BD46-7E32-4346-BF1F-F9DB88EFEC94}.Release|x64.Build.0 = Release|x64
		{8A36BD46-7E32-4346-BF1F-F9DB88EFEC94}.Release|x86.ActiveCfg = Release|Win32
		{8A36BD46-7E32-4346-BF1F-F9DB88EFEC94}.Release|x86.Build.0 = Release|Win32
	EndGlobalSection
	GlobalSection(SolutionProperties) = preSolution
		HideSolutionNode = FALSE
	EndGlobalSection
	GlobalSection(ExtensibilityGlobals) = postSolution
		SolutionGuid = {F236A92E-DA63-43B7-BD86-8CE5434A656A}
	EndGlobalSection
EndGlobal
